{
  "name": "manage-money",
  "version": "1.0.0",
  "lockfileVersion": 3,
  "requires": true,
  "packages": {
    "": {
      "name": "manage-money",
      "version": "1.0.0",
      "license": "ISC",
      "devDependencies": {
        "@types/md5": "^2.3.5"
      }
    },
    "node_modules/@types/md5": {
      "version": "2.3.5",
      "resolved": "https://registry.npmjs.org/@types/md5/-/md5-2.3.5.tgz",
      "integrity": "sha512-/i42wjYNgE6wf0j2bcTX6kuowmdL/6PE4IVitMpm2eYKBUuYCprdcWVK+xEF0gcV6ufMCRhtxmReGfc6hIK7Jw==",
      "dev": true
    }
  }
}
